
Microsoft Visual Studio Solution File, Format Version 12.00
# Visual Studio Version 17
VisualStudioVersion = 17.0.31903.59
MinimumVisualStudioVersion = 10.0.40219.1
Project("{2150E333-8FDC-42A3-9474-1A3956D46DE8}") = "Src", "Src", "{02EA681E-C7D8-13C7-8484-4AC65E1B71E8}"
EndProject
Project("{2150E333-8FDC-42A3-9474-1A3956D46DE8}") = "Domain", "Domain", "{8C0970B8-3B87-4E06-B915-39BAFFD2D709}"
EndProject
Project("{FAE04EC0-301F-11D3-BF4B-00C04F79EFBC}") = "Core", "Src\Domain\Core\Core.csproj", "{D6B3DB24-2EEE-405A-AB92-CBE2D6FBCF96}"
EndProject
Project("{2150E333-8FDC-42A3-9474-1A3956D46DE8}") = "App", "App", "{65C26D7D-37C9-4E15-8B6D-D76F50275FBF}"
EndProject
Project("{FAE04EC0-301F-11D3-BF4B-00C04F79EFBC}") = "Application", "Src\App\Application\Application.csproj", "{802A0C51-1FCA-4826-B46C-6656C8B4890E}"
EndProject
Project("{2150E333-8FDC-42A3-9474-1A3956D46DE8}") = "Test", "Test", "{39B1BE56-99FE-4073-8C6E-88D968BE167D}"
EndProject
Project("{FAE04EC0-301F-11D3-BF4B-00C04F79EFBC}") = "Test.Domain", "Src\Test\Test.Domain\Test.Domain.csproj", "{B8994F36-A419-4D35-9881-E4FB30D3A2AE}"
EndProject
Project("{FAE04EC0-301F-11D3-BF4B-00C04F79EFBC}") = "Test.Application", "Src\Test\Test.Application\Test.Application.csproj", "{ED8D5EF0-3D47-4F84-A2C0-09FA9F341C24}"
EndProject
Project("{2150E333-8FDC-42A3-9474-1A3956D46DE8}") = "Infra", "Infra", "{89173C7F-A63D-43CD-82AA-16F38316A545}"
EndProject
Project("{FAE04EC0-301F-11D3-BF4B-00C04F79EFBC}") = "Infra.EF", "Src\Infra\Infra.EF\Infra.EF.csproj", "{B54B33E9-002E-4D93-A0CD-BF208372F620}"
EndProject
Project("{FAE04EC0-301F-11D3-BF4B-00C04F79EFBC}") = "Infra.Cache", "Src\Infra\Infra.Cache\Infra.Cache.csproj", "{C1FD6F00-CA18-42C8-A5EF-EE164FFD2BF4}"
EndProject
Project("{FAE04EC0-301F-11D3-BF4B-00C04F79EFBC}") = "Infra.Mongodb", "Src\Infra\Infra.Mongodb\Infra.Mongodb.csproj", "{7FCFB2EF-7589-41B6-B9A5-36292EDA74C6}"
EndProject
Project("{2150E333-8FDC-42A3-9474-1A3956D46DE8}") = "UI", "UI", "{E4BD9ED5-0AF4-4BBB-AC8B-8D4FE7853C2B}"
EndProject
Project("{FAE04EC0-301F-11D3-BF4B-00C04F79EFBC}") = "MarketDataFeedSimulator", "Src\UI\MarketDataFeedSimulator\MarketDataFeedSimulator.csproj", "{2C7A128F-A210-48F3-A474-FAC88642A8D2}"
EndProject
Project("{FAE04EC0-301F-11D3-BF4B-00C04F79EFBC}") = "Infrastructure", "Src\Infra\Infrastructure\Infrastructure.csproj", "{6C517555-2661-4C29-A82B-C521EE61B47E}"
EndProject
Project("{FAE04EC0-301F-11D3-BF4B-00C04F79EFBC}") = "MarketFeedProcessorUI", "Src\UI\MarketFeedProcessorUI\MarketFeedProcessorUI.csproj", "{CA7E3B7C-881A-46BF-80D6-50C84CF39489}"
EndProject
Project("{FAE04EC0-301F-11D3-BF4B-00C04F79EFBC}") = "Infra.BackgroundJobs", "Src\Infra\Infra.BackgroundJobs\Infra.BackgroundJobs.csproj", "{59CE72E2-3CF3-4D32-B879-7A623FD0CA0F}"
EndProject
Global
	GlobalSection(SolutionConfigurationPlatforms) = preSolution
		Debug|Any CPU = Debug|Any CPU
		Release|Any CPU = Release|Any CPU
	EndGlobalSection
	GlobalSection(ProjectConfigurationPlatforms) = postSolution
		{D6B3DB24-2EEE-405A-AB92-CBE2D6FBCF96}.Debug|Any CPU.ActiveCfg = Debug|Any CPU
		{D6B3DB24-2EEE-405A-AB92-CBE2D6FBCF96}.Debug|Any CPU.Build.0 = Debug|Any CPU
		{D6B3DB24-2EEE-405A-AB92-CBE2D6FBCF96}.Release|Any CPU.ActiveCfg = Release|Any CPU
		{D6B3DB24-2EEE-405A-AB92-CBE2D6FBCF96}.Release|Any CPU.Build.0 = Release|Any CPU
		{802A0C51-1FCA-4826-B46C-6656C8B4890E}.Debug|Any CPU.ActiveCfg = Debug|Any CPU
		{802A0C51-1FCA-4826-B46C-6656C8B4890E}.Debug|Any CPU.Build.0 = Debug|Any CPU
		{802A0C51-1FCA-4826-B46C-6656C8B4890E}.Release|Any CPU.ActiveCfg = Release|Any CPU
		{802A0C51-1FCA-4826-B46C-6656C8B4890E}.Release|Any CPU.Build.0 = Release|Any CPU
		{B8994F36-A419-4D35-9881-E4FB30D3A2AE}.Debug|Any CPU.ActiveCfg = Debug|Any CPU
		{B8994F36-A419-4D35-9881-E4FB30D3A2AE}.Debug|Any CPU.Build.0 = Debug|Any CPU
		{B8994F36-A419-4D35-9881-E4FB30D3A2AE}.Release|Any CPU.ActiveCfg = Release|Any CPU
		{B8994F36-A419-4D35-9881-E4FB30D3A2AE}.Release|Any CPU.Build.0 = Release|Any CPU
		{ED8D5EF0-3D47-4F84-A2C0-09FA9F341C24}.Debug|Any CPU.ActiveCfg = Debug|Any CPU
		{ED8D5EF0-3D47-4F84-A2C0-09FA9F341C24}.Debug|Any CPU.Build.0 = Debug|Any CPU
		{ED8D5EF0-3D47-4F84-A2C0-09FA9F341C24}.Release|Any CPU.ActiveCfg = Release|Any CPU
		{ED8D5EF0-3D47-4F84-A2C0-09FA9F341C24}.Release|Any CPU.Build.0 = Release|Any CPU
		{B54B33E9-002E-4D93-A0CD-BF208372F620}.Debug|Any CPU.ActiveCfg = Debug|Any CPU
		{B54B33E9-002E-4D93-A0CD-BF208372F620}.Debug|Any CPU.Build.0 = Debug|Any CPU
		{B54B33E9-002E-4D93-A0CD-BF208372F620}.Release|Any CPU.ActiveCfg = Release|Any CPU
		{B54B33E9-002E-4D93-A0CD-BF208372F620}.Release|Any CPU.Build.0 = Release|Any CPU
		{C1FD6F00-CA18-42C8-A5EF-EE164FFD2BF4}.Debug|Any CPU.ActiveCfg = Debug|Any CPU
		{C1FD6F00-CA18-42C8-A5EF-EE164FFD2BF4}.Debug|Any CPU.Build.0 = Debug|Any CPU
		{C1FD6F00-CA18-42C8-A5EF-EE164FFD2BF4}.Release|Any CPU.ActiveCfg = Release|Any CPU
		{C1FD6F00-CA18-42C8-A5EF-EE164FFD2BF4}.Release|Any CPU.Build.0 = Release|Any CPU
		{7FCFB2EF-7589-41B6-B9A5-36292EDA74C6}.Debug|Any CPU.ActiveCfg = Debug|Any CPU
		{7FCFB2EF-7589-41B6-B9A5-36292EDA74C6}.Debug|Any CPU.Build.0 = Debug|Any CPU
		{7FCFB2EF-7589-41B6-B9A5-36292EDA74C6}.Release|Any CPU.ActiveCfg = Release|Any CPU
		{7FCFB2EF-7589-41B6-B9A5-36292EDA74C6}.Release|Any CPU.Build.0 = Release|Any CPU
		{2C7A128F-A210-48F3-A474-FAC88642A8D2}.Debug|Any CPU.ActiveCfg = Debug|Any CPU
		{2C7A128F-A210-48F3-A474-FAC88642A8D2}.Debug|Any CPU.Build.0 = Debug|Any CPU
		{2C7A128F-A210-48F3-A474-FAC88642A8D2}.Release|Any CPU.ActiveCfg = Release|Any CPU
		{2C7A128F-A210-48F3-A474-FAC88642A8D2}.Release|Any CPU.Build.0 = Release|Any CPU
		{6C517555-2661-4C29-A82B-C521EE61B47E}.Debug|Any CPU.ActiveCfg = Debug|Any CPU
		{6C517555-2661-4C29-A82B-C521EE61B47E}.Debug|Any CPU.Build.0 = Debug|Any CPU
		{6C517555-2661-4C29-A82B-C521EE61B47E}.Release|Any CPU.ActiveCfg = Release|Any CPU
		{6C517555-2661-4C29-A82B-C521EE61B47E}.Release|Any CPU.Build.0 = Release|Any CPU
		{CA7E3B7C-881A-46BF-80D6-50C84CF39489}.Debug|Any CPU.ActiveCfg = Debug|Any CPU
		{CA7E3B7C-881A-46BF-80D6-50C84CF39489}.Debug|Any CPU.Build.0 = Debug|Any CPU
		{CA7E3B7C-881A-46BF-80D6-50C84CF39489}.Release|Any CPU.ActiveCfg = Release|Any CPU
		{CA7E3B7C-881A-46BF-80D6-50C84CF39489}.Release|Any CPU.Build.0 = Release|Any CPU
		{59CE72E2-3CF3-4D32-B879-7A623FD0CA0F}.Debug|Any CPU.ActiveCfg = Debug|Any CPU
		{59CE72E2-3CF3-4D32-B879-7A623FD0CA0F}.Debug|Any CPU.Build.0 = Debug|Any CPU
		{59CE72E2-3CF3-4D32-B879-7A623FD0CA0F}.Release|Any CPU.ActiveCfg = Release|Any CPU
		{59CE72E2-3CF3-4D32-B879-7A623FD0CA0F}.Release|Any CPU.Build.0 = Release|Any CPU
	EndGlobalSection
	GlobalSection(SolutionProperties) = preSolution
		HideSolutionNode = FALSE
	EndGlobalSection
	GlobalSection(NestedProjects) = preSolution
		{8C0970B8-3B87-4E06-B915-39BAFFD2D709} = {02EA681E-C7D8-13C7-8484-4AC65E1B71E8}
		{D6B3DB24-2EEE-405A-AB92-CBE2D6FBCF96} = {8C0970B8-3B87-4E06-B915-39BAFFD2D709}
		{65C26D7D-37C9-4E15-8B6D-D76F50275FBF} = {02EA681E-C7D8-13C7-8484-4AC65E1B71E8}
		{802A0C51-1FCA-4826-B46C-6656C8B4890E} = {65C26D7D-37C9-4E15-8B6D-D76F50275FBF}
		{39B1BE56-99FE-4073-8C6E-88D968BE167D} = {02EA681E-C7D8-13C7-8484-4AC65E1B71E8}
		{B8994F36-A419-4D35-9881-E4FB30D3A2AE} = {39B1BE56-99FE-4073-8C6E-88D968BE167D}
		{ED8D5EF0-3D47-4F84-A2C0-09FA9F341C24} = {39B1BE56-99FE-4073-8C6E-88D968BE167D}
		{89173C7F-A63D-43CD-82AA-16F38316A545} = {02EA681E-C7D8-13C7-8484-4AC65E1B71E8}
		{B54B33E9-002E-4D93-A0CD-BF208372F620} = {89173C7F-A63D-43CD-82AA-16F38316A545}
		{C1FD6F00-CA18-42C8-A5EF-EE164FFD2BF4} = {89173C7F-A63D-43CD-82AA-16F38316A545}
		{7FCFB2EF-7589-41B6-B9A5-36292EDA74C6} = {89173C7F-A63D-43CD-82AA-16F38316A545}
		{E4BD9ED5-0AF4-4BBB-AC8B-8D4FE7853C2B} = {02EA681E-C7D8-13C7-8484-4AC65E1B71E8}
		{2C7A128F-A210-48F3-A474-FAC88642A8D2} = {E4BD9ED5-0AF4-4BBB-AC8B-8D4FE7853C2B}
		{6C517555-2661-4C29-A82B-C521EE61B47E} = {89173C7F-A63D-43CD-82AA-16F38316A545}
		{CA7E3B7C-881A-46BF-80D6-50C84CF39489} = {E4BD9ED5-0AF4-4BBB-AC8B-8D4FE7853C2B}
		{59CE72E2-3CF3-4D32-B879-7A623FD0CA0F} = {89173C7F-A63D-43CD-82AA-16F38316A545}
	EndGlobalSection
	GlobalSection(ExtensibilityGlobals) = postSolution
		SolutionGuid = {EBCEA214-E2E5-4381-9BA3-479D9A9FBD85}
	EndGlobalSection
EndGlobal
